Microsoft Visual Studio Solution File, Format Version 12.00
# Visual Studio 2012
Project("{FAE04EC0-301F-11D3-BF4B-00C04F79EFBC}") = "Dungeon RPG", "Dungeon RPG.csproj", "{FE17BB11-FBEF-4A77-AE82-B00C21BF7FAC}"
EndProject
Global
	GlobalSection(SolutionConfigurationPlatforms) = preSolution
	Debug|Any CPU = Debug|Any CPU
	ExportDebug|Any CPU = ExportDebug|Any CPU
	ExportRelease|Any CPU = ExportRelease|Any CPU
	EndGlobalSection
	GlobalSection(ProjectConfigurationPlatforms) = postSolution
		{FE17BB11-FBEF-4A77-AE82-B00C21BF7FAC}.Debug|Any CPU.ActiveCfg = Debug|Any CPU
		{FE17BB11-FBEF-4A77-AE82-B00C21BF7FAC}.Debug|Any CPU.Build.0 = Debug|Any CPU
		{FE17BB11-FBEF-4A77-AE82-B00C21BF7FAC}.ExportDebug|Any CPU.ActiveCfg = ExportDebug|Any CPU
		{FE17BB11-FBEF-4A77-AE82-B00C21BF7FAC}.ExportDebug|Any CPU.Build.0 = ExportDebug|Any CPU
		{FE17BB11-FBEF-4A77-AE82-B00C21BF7FAC}.ExportRelease|Any CPU.ActiveCfg = ExportRelease|Any CPU
		{FE17BB11-FBEF-4A77-AE82-B00C21BF7FAC}.ExportRelease|Any CPU.Build.0 = ExportRelease|Any CPU
	EndGlobalSection
EndGlobal
